
Microsoft Visual Studio Solution File, Format Version 12.00
# Visual Studio Version 17
VisualStudioVersion = 17.10.34916.146
MinimumVisualStudioVersion = 10.0.40219.1
Project("{FAE04EC0-301F-11D3-BF4B-00C04F79EFBC}") = "MyHomestayWpf", "MyHomestayWpf\MyHomestayWpf.csproj", "{DFAF1C38-D2F6-422B-B2AD-BA1C635466D3}"
EndProject
Project("{FAE04EC0-301F-11D3-BF4B-00C04F79EFBC}") = "BusinessObjects", "BusinessObjects\BusinessObjects.csproj", "{20992B41-C4F6-4476-B55A-6CCB4FC8A669}"
EndProject
Project("{FAE04EC0-301F-11D3-BF4B-00C04F79EFBC}") = "DataAccessaLayers", "DataAccessaLayers\DataAccessaLayers.csproj", "{D1B916A8-DB4A-4E35-BE7C-0523F48BB6D2}"
EndProject
Project("{FAE04EC0-301F-11D3-BF4B-00C04F79EFBC}") = "Repositories", "Repositories\Repositories.csproj", "{5C826246-E4F7-41A0-85CD-C0BBBCA0812C}"
EndProject
Project("{FAE04EC0-301F-11D3-BF4B-00C04F79EFBC}") = "Services", "Services\Services.csproj", "{6DAE8806-6073-4866-94D8-D78F3ADBF58E}"
EndProject
Global
	GlobalSection(SolutionConfigurationPlatforms) = preSolution
		Debug|Any CPU = Debug|Any CPU
		Release|Any CPU = Release|Any CPU
	EndGlobalSection
	GlobalSection(ProjectConfigurationPlatforms) = postSolution
		{DFAF1C38-D2F6-422B-B2AD-BA1C635466D3}.Debug|Any CPU.ActiveCfg = Debug|Any CPU
		{DFAF1C38-D2F6-422B-B2AD-BA1C635466D3}.Debug|Any CPU.Build.0 = Debug|Any CPU
		{DFAF1C38-D2F6-422B-B2AD-BA1C635466D3}.Release|Any CPU.ActiveCfg = Release|Any CPU
		{DFAF1C38-D2F6-422B-B2AD-BA1C635466D3}.Release|Any CPU.Build.0 = Release|Any CPU
		{20992B41-C4F6-4476-B55A-6CCB4FC8A669}.Debug|Any CPU.ActiveCfg = Debug|Any CPU
		{20992B41-C4F6-4476-B55A-6CCB4FC8A669}.Debug|Any CPU.Build.0 = Debug|Any CPU
		{20992B41-C4F6-4476-B55A-6CCB4FC8A669}.Release|Any CPU.ActiveCfg = Release|Any CPU
		{20992B41-C4F6-4476-B55A-6CCB4FC8A669}.Release|Any CPU.Build.0 = Release|Any CPU
		{D1B916A8-DB4A-4E35-BE7C-0523F48BB6D2}.Debug|Any CPU.ActiveCfg = Debug|Any CPU
		{D1B916A8-DB4A-4E35-BE7C-0523F48BB6D2}.Debug|Any CPU.Build.0 = Debug|Any CPU
		{D1B916A8-DB4A-4E35-BE7C-0523F48BB6D2}.Release|Any CPU.ActiveCfg = Release|Any CPU
		{D1B916A8-DB4A-4E35-BE7C-0523F48BB6D2}.Release|Any CPU.Build.0 = Release|Any CPU
		{5C826246-E4F7-41A0-85CD-C0BBBCA0812C}.Debug|Any CPU.ActiveCfg = Debug|Any CPU
		{5C826246-E4F7-41A0-85CD-C0BBBCA0812C}.Debug|Any CPU.Build.0 = Debug|Any CPU
		{5C826246-E4F7-41A0-85CD-C0BBBCA0812C}.Release|Any CPU.ActiveCfg = Release|Any CPU
		{5C826246-E4F7-41A0-85CD-C0BBBCA0812C}.Release|Any CPU.Build.0 = Release|Any CPU
		{6DAE8806-6073-4866-94D8-D78F3ADBF58E}.Debug|Any CPU.ActiveCfg = Debug|Any CPU
		{6DAE8806-6073-4866-94D8-D78F3ADBF58E}.Debug|Any CPU.Build.0 = Debug|Any CPU
		{6DAE8806-6073-4866-94D8-D78F3ADBF58E}.Release|Any CPU.ActiveCfg = Release|Any CPU
		{6DAE8806-6073-4866-94D8-D78F3ADBF58E}.Release|Any CPU.Build.0 = Release|Any CPU
	EndGlobalSection
	GlobalSection(SolutionProperties) = preSolution
		HideSolutionNode = FALSE
	EndGlobalSection
	GlobalSection(ExtensibilityGlobals) = postSolution
		SolutionGuid = {1567DCA5-F2ED-4BCD-B697-97AB594C3C8D}
	EndGlobalSection
EndGlobal
